
Microsoft Visual Studio Solution File, Format Version 12.00
# Visual Studio Version 16
VisualStudioVersion = 16.0.30309.148
MinimumVisualStudioVersion = 10.0.40219.1
Project("{FAE04EC0-301F-11D3-BF4B-00C04F79EFBC}") = "Sk6", "Sk6\Sk6.csproj", "{8BD008E8-E81C-4DD0-BCFC-D7E62A656369}"
EndProject
Global
	GlobalSection(SolutionConfigurationPlatforms) = preSolution
		Debug|Any CPU = Debug|Any CPU
		Release|Any CPU = Release|Any CPU
	EndGlobalSection
	GlobalSection(ProjectConfigurationPlatforms) = postSolution
		{8BD008E8-E81C-4DD0-BCFC-D7E62A656369}.Debug|Any CPU.ActiveCfg = Debug|Any CPU
		{8BD008E8-E81C-4DD0-BCFC-D7E62A656369}.Debug|Any CPU.Build.0 = Debug|Any CPU
		{8BD008E8-E81C-4DD0-BCFC-D7E62A656369}.Release|Any CPU.ActiveCfg = Release|Any CPU
		{8BD008E8-E81C-4DD0-BCFC-D7E62A656369}.Release|Any CPU.Build.0 = Release|Any CPU
	EndGlobalSection
	GlobalSection(SolutionProperties) = preSolution
		HideSolutionNode = FALSE
	EndGlobalSection
	GlobalSection(ExtensibilityGlobals) = postSolution
		SolutionGuid = {CEB1F0A2-6925-4B4E-82AF-663BE8D62AFB}
	EndGlobalSection
EndGlobal
